lockfileVersion: '9.0'

settings:
  autoInstallPeers: true
  excludeLinksFromLockfile: false

importers:

  .:
    dependencies:
      '@aws-sdk/client-sqs':
        specifier: ^3.777.0
        version: 3.777.0
      cheerio:
        specifier: ^1.0.0
        version: 1.0.0
      dotenv:
        specifier: ^16.4.7
        version: 16.4.7
      pino:
        specifier: ^9.6.0
        version: 9.6.0
      pino-pretty:
        specifier: ^13.0.0
        version: 13.0.0
      pino-roll:
        specifier: ^3.1.0
        version: 3.1.0
      zod:
        specifier: ^3.24.2
        version: 3.24.2
    devDependencies:
      '@tsconfig/node20':
        specifier: ^20.1.5
        version: 20.1.5
      '@types/node':
        specifier: ^22.13.13
        version: 22.13.13
      typescript:
        specifier: ^5.8.2
        version: 5.8.2

packages:

  '@aws-crypto/sha256-browser@5.2.0':
    resolution: {integrity: sha512-AXfN/lGotSQwu6HNcEsIASo7kWXZ5HYWvfOmSNKDsEqC4OashTp8alTmaz+F7TC2L083SFv5RdB+qU3Vs1kZqw==}

  '@aws-crypto/sha256-js@5.2.0':
    resolution: {integrity: sha512-FFQQyu7edu4ufvIZ+OadFpHHOt+eSTBaYaki44c+akjg7qZg9oOQeLlk77F6tSYqjDAFClrHJk9tMf0HdVyOvA==}
    engines: {node: '>=16.0.0'}

  '@aws-crypto/supports-web-crypto@5.2.0':
    resolution: {integrity: sha512-iAvUotm021kM33eCdNfwIN//F77/IADDSs58i+MDaOqFrVjZo9bAal0NK7HurRuWLLpF1iLX7gbWrjHjeo+YFg==}

  '@aws-crypto/util@5.2.0':
    resolution: {integrity: sha512-4RkU9EsI6ZpBve5fseQlGNUWKMa1RLPQ1dnjnQoe07ldfIzcsGb5hC5W0Dm7u423KWzawlrpbjXBrXCEv9zazQ==}

  '@aws-sdk/client-sqs@3.777.0':
    resolution: {integrity: sha512-q9oPr+KvyBNaQzYajwpYkylHa1fbHQ+sBhdJGQYBghFJgU7wdpSkeZUMuFQcYf76b9rVkv5rEqlZQNfWCUNxNw==}
    engines: {node: '>=18.0.0'}

  '@aws-sdk/client-sso@3.777.0':
    resolution: {integrity: sha512-0+z6CiAYIQa7s6FJ+dpBYPi9zr9yY5jBg/4/FGcwYbmqWPXwL9Thdtr0FearYRZgKl7bhL3m3dILCCfWqr3teQ==}
    engines: {node: '>=18.0.0'}

  '@aws-sdk/core@3.775.0':
    resolution: {integrity: sha512-8vpW4WihVfz0DX+7WnnLGm3GuQER++b0IwQG35JlQMlgqnc44M//KbJPsIHA0aJUJVwJAEShgfr5dUbY8WUzaA==}
    engines: {node: '>=18.0.0'}

  '@aws-sdk/credential-provider-env@3.775.0':
    resolution: {integrity: sha512-6ESVxwCbGm7WZ17kY1fjmxQud43vzJFoLd4bmlR+idQSWdqlzGDYdcfzpjDKTcivdtNrVYmFvcH1JBUwCRAZhw==}
    engines: {node: '>=18.0.0'}

  '@aws-sdk/credential-provider-http@3.775.0':
    resolution: {integrity: sha512-PjDQeDH/J1S0yWV32wCj2k5liRo0ssXMseCBEkCsD3SqsU8o5cU82b0hMX4sAib/RkglCSZqGO0xMiN0/7ndww==}
    engines: {node: '>=18.0.0'}

  '@aws-sdk/credential-provider-ini@3.777.0':
    resolution: {integrity: sha512-1X9mCuM9JSQPmQ+D2TODt4THy6aJWCNiURkmKmTIPRdno7EIKgAqrr/LLN++K5mBf54DZVKpqcJutXU2jwo01A==}
    engines: {node: '>=18.0.0'}

  '@aws-sdk/credential-provider-node@3.777.0':
    resolution: {integrity: sha512-ZD66ywx1Q0KyUSuBXZIQzBe3Q7MzX8lNwsrCU43H3Fww+Y+HB3Ncws9grhSdNhKQNeGmZ+MgKybuZYaaeLwJEQ==}
    engines: {node: '>=18.0.0'}

  '@aws-sdk/credential-provider-process@3.775.0':
    resolution: {integrity: sha512-A6k68H9rQp+2+7P7SGO90Csw6nrUEm0Qfjpn9Etc4EboZhhCLs9b66umUsTsSBHus4FDIe5JQxfCUyt1wgNogg==}
    engines: {node: '>=18.0.0'}

  '@aws-sdk/credential-provider-sso@3.777.0':
    resolution: {integrity: sha512-9mPz7vk9uE4PBVprfINv4tlTkyq1OonNevx2DiXC1LY4mCUCNN3RdBwAY0BTLzj0uyc3k5KxFFNbn3/8ZDQP7w==}
    engines: {node: '>=18.0.0'}

  '@aws-sdk/credential-provider-web-identity@3.777.0':
    resolution: {integrity: sha512-uGCqr47fnthkqwq5luNl2dksgcpHHjSXz2jUra7TXtFOpqvnhOW8qXjoa1ivlkq8qhqlaZwCzPdbcN0lXpmLzQ==}
    engines: {node: '>=18.0.0'}

  '@aws-sdk/middleware-host-header@3.775.0':
    resolution: {integrity: sha512-tkSegM0Z6WMXpLB8oPys/d+umYIocvO298mGvcMCncpRl77L9XkvSLJIFzaHes+o7djAgIduYw8wKIMStFss2w==}
    engines: {node: '>=18.0.0'}

  '@aws-sdk/middleware-logger@3.775.0':
    resolution: {integrity: sha512-FaxO1xom4MAoUJsldmR92nT1G6uZxTdNYOFYtdHfd6N2wcNaTuxgjIvqzg5y7QIH9kn58XX/dzf1iTjgqUStZw==}
    engines: {node: '>=18.0.0'}

  '@aws-sdk/middleware-recursion-detection@3.775.0':
    resolution: {integrity: sha512-GLCzC8D0A0YDG5u3F5U03Vb9j5tcOEFhr8oc6PDk0k0vm5VwtZOE6LvK7hcCSoAB4HXyOUM0sQuXrbaAh9OwXA==}
    engines: {node: '>=18.0.0'}

  '@aws-sdk/middleware-sdk-sqs@3.775.0':
    resolution: {integrity: sha512-v3sAWAyHqHI+14l45wq4x7DN0Mb3L6uTBj5b6/w8ILASRMbm69FM6b2Alws1Yl+0Bc60fhrqxwMCed0y8azTkw==}
    engines: {node: '>=18.0.0'}

  '@aws-sdk/middleware-user-agent@3.775.0':
    resolution: {integrity: sha512-7Lffpr1ptOEDE1ZYH1T78pheEY1YmeXWBfFt/amZ6AGsKSLG+JPXvof3ltporTGR2bhH/eJPo7UHCglIuXfzYg==}
    engines: {node: '>=18.0.0'}

  '@aws-sdk/nested-clients@3.777.0':
    resolution: {integrity: sha512-bmmVRsCjuYlStYPt06hr+f8iEyWg7+AklKCA8ZLDEJujXhXIowgUIqXmqpTkXwkVvDQ9tzU7hxaONjyaQCGybA==}
    engines: {node: '>=18.0.0'}

  '@aws-sdk/region-config-resolver@3.775.0':
    resolution: {integrity: sha512-40iH3LJjrQS3LKUJAl7Wj0bln7RFPEvUYKFxtP8a+oKFDO0F65F52xZxIJbPn6sHkxWDAnZlGgdjZXM3p2g5wQ==}
    engines: {node: '>=18.0.0'}

  '@aws-sdk/token-providers@3.777.0':
    resolution: {integrity: sha512-Yc2cDONsHOa4dTSGOev6Ng2QgTKQUEjaUnsyKd13pc/nLLz/WLqHiQ/o7PcnKERJxXGs1g1C6l3sNXiX+kbnFQ==}
    engines: {node: '>=18.0.0'}

  '@aws-sdk/types@3.775.0':
    resolution: {integrity: sha512-ZoGKwa4C9fC9Av6bdfqcW6Ix5ot05F/S4VxWR2nHuMv7hzfmAjTOcUiWT7UR4hM/U0whf84VhDtXN/DWAk52KA==}
    engines: {node: '>=18.0.0'}

  '@aws-sdk/util-endpoints@3.775.0':
    resolution: {integrity: sha512-yjWmUgZC9tUxAo8Uaplqmq0eUh0zrbZJdwxGRKdYxfm4RG6fMw1tj52+KkatH7o+mNZvg1GDcVp/INktxonJLw==}
    engines: {node: '>=18.0.0'}

  '@aws-sdk/util-locate-window@3.723.0':
    resolution: {integrity: sha512-Yf2CS10BqK688DRsrKI/EO6B8ff5J86NXe4C+VCysK7UOgN0l1zOTeTukZ3H8Q9tYYX3oaF1961o8vRkFm7Nmw==}
    engines: {node: '>=18.0.0'}

  '@aws-sdk/util-user-agent-browser@3.775.0':
    resolution: {integrity: sha512-txw2wkiJmZKVdDbscK7VBK+u+TJnRtlUjRTLei+elZg2ADhpQxfVAQl436FUeIv6AhB/oRHW6/K/EAGXUSWi0A==}

  '@aws-sdk/util-user-agent-node@3.775.0':
    resolution: {integrity: sha512-N9yhTevbizTOMo3drH7Eoy6OkJ3iVPxhV7dwb6CMAObbLneS36CSfA6xQXupmHWcRvZPTz8rd1JGG3HzFOau+g==}
    engines: {node: '>=18.0.0'}
    peerDependencies:
      aws-crt: '>=1.0.0'
    peerDependenciesMeta:
      aws-crt:
        optional: true

  '@smithy/abort-controller@4.0.2':
    resolution: {integrity: sha512-Sl/78VDtgqKxN2+1qduaVE140XF+Xg+TafkncspwM4jFP/LHr76ZHmIY/y3V1M0mMLNk+Je6IGbzxy23RSToMw==}
    engines: {node: '>=18.0.0'}

  '@smithy/config-resolver@4.1.0':
    resolution: {integrity: sha512-8smPlwhga22pwl23fM5ew4T9vfLUCeFXlcqNOCD5M5h8VmNPNUE9j6bQSuRXpDSV11L/E/SwEBQuW8hr6+nS1A==}
    engines: {node: '>=18.0.0'}

  '@smithy/core@3.2.0':
    resolution: {integrity: sha512-k17bgQhVZ7YmUvA8at4af1TDpl0NDMBuBKJl8Yg0nrefwmValU+CnA5l/AriVdQNthU/33H3nK71HrLgqOPr1Q==}
    engines: {node: '>=18.0.0'}

  '@smithy/credential-provider-imds@4.0.2':
    resolution: {integrity: sha512-32lVig6jCaWBHnY+OEQ6e6Vnt5vDHaLiydGrwYMW9tPqO688hPGTYRamYJ1EptxEC2rAwJrHWmPoKRBl4iTa8w==}
    engines: {node: '>=18.0.0'}

  '@smithy/fetch-http-handler@5.0.2':
    resolution: {integrity: sha512-+9Dz8sakS9pe7f2cBocpJXdeVjMopUDLgZs1yWeu7h++WqSbjUYv/JAJwKwXw1HV6gq1jyWjxuyn24E2GhoEcQ==}
    engines: {node: '>=18.0.0'}

  '@smithy/hash-node@4.0.2':
    resolution: {integrity: sha512-VnTpYPnRUE7yVhWozFdlxcYknv9UN7CeOqSrMH+V877v4oqtVYuoqhIhtSjmGPvYrYnAkaM61sLMKHvxL138yg==}
    engines: {node: '>=18.0.0'}

  '@smithy/invalid-dependency@4.0.2':
    resolution: {integrity: sha512-GatB4+2DTpgWPday+mnUkoumP54u/MDM/5u44KF9hIu8jF0uafZtQLcdfIKkIcUNuF/fBojpLEHZS/56JqPeXQ==}
    engines: {node: '>=18.0.0'}

  '@smithy/is-array-buffer@2.2.0':
    resolution: {integrity: sha512-GGP3O9QFD24uGeAXYUjwSTXARoqpZykHadOmA8G5vfJPK0/DC67qa//0qvqrJzL1xc8WQWX7/yc7fwudjPHPhA==}
    engines: {node: '>=14.0.0'}

  '@smithy/is-array-buffer@4.0.0':
    resolution: {integrity: sha512-saYhF8ZZNoJDTvJBEWgeBccCg+yvp1CX+ed12yORU3NilJScfc6gfch2oVb4QgxZrGUx3/ZJlb+c/dJbyupxlw==}
    engines: {node: '>=18.0.0'}

  '@smithy/md5-js@4.0.2':
    resolution: {integrity: sha512-Hc0R8EiuVunUewCse2syVgA2AfSRco3LyAv07B/zCOMa+jpXI9ll+Q21Nc6FAlYPcpNcAXqBzMhNs1CD/pP2bA==}
    engines: {node: '>=18.0.0'}

  '@smithy/middleware-content-length@4.0.2':
    resolution: {integrity: sha512-hAfEXm1zU+ELvucxqQ7I8SszwQ4znWMbNv6PLMndN83JJN41EPuS93AIyh2N+gJ6x8QFhzSO6b7q2e6oClDI8A==}
    engines: {node: '>=18.0.0'}

  '@smithy/middleware-endpoint@4.1.0':
    resolution: {integrity: sha512-xhLimgNCbCzsUppRTGXWkZywksuTThxaIB0HwbpsVLY5sceac4e1TZ/WKYqufQLaUy+gUSJGNdwD2jo3cXL0iA==}
    engines: {node: '>=18.0.0'}

  '@smithy/middleware-retry@4.1.0':
    resolution: {integrity: sha512-2zAagd1s6hAaI/ap6SXi5T3dDwBOczOMCSkkYzktqN1+tzbk1GAsHNAdo/1uzxz3Ky02jvZQwbi/vmDA6z4Oyg==}
    engines: {node: '>=18.0.0'}

  '@smithy/middleware-serde@4.0.3':
    resolution: {integrity: sha512-rfgDVrgLEVMmMn0BI8O+8OVr6vXzjV7HZj57l0QxslhzbvVfikZbVfBVthjLHqib4BW44QhcIgJpvebHlRaC9A==}
    engines: {node: '>=18.0.0'}

  '@smithy/middleware-stack@4.0.2':
    resolution: {integrity: sha512-eSPVcuJJGVYrFYu2hEq8g8WWdJav3sdrI4o2c6z/rjnYDd3xH9j9E7deZQCzFn4QvGPouLngH3dQ+QVTxv5bOQ==}
    engines: {node: '>=18.0.0'}

  '@smithy/node-config-provider@4.0.2':
    resolution: {integrity: sha512-WgCkILRZfJwJ4Da92a6t3ozN/zcvYyJGUTmfGbgS/FkCcoCjl7G4FJaCDN1ySdvLvemnQeo25FdkyMSTSwulsw==}
    engines: {node: '>=18.0.0'}

  '@smithy/node-http-handler@4.0.4':
    resolution: {integrity: sha512-/mdqabuAT3o/ihBGjL94PUbTSPSRJ0eeVTdgADzow0wRJ0rN4A27EOrtlK56MYiO1fDvlO3jVTCxQtQmK9dZ1g==}
    engines: {node: '>=18.0.0'}

  '@smithy/property-provider@4.0.2':
    resolution: {integrity: sha512-wNRoQC1uISOuNc2s4hkOYwYllmiyrvVXWMtq+TysNRVQaHm4yoafYQyjN/goYZS+QbYlPIbb/QRjaUZMuzwQ7A==}
    engines: {node: '>=18.0.0'}

  '@smithy/protocol-http@5.1.0':
    resolution: {integrity: sha512-KxAOL1nUNw2JTYrtviRRjEnykIDhxc84qMBzxvu1MUfQfHTuBlCG7PA6EdVwqpJjH7glw7FqQoFxUJSyBQgu7g==}
    engines: {node: '>=18.0.0'}

  '@smithy/querystring-builder@4.0.2':
    resolution: {integrity: sha512-NTOs0FwHw1vimmQM4ebh+wFQvOwkEf/kQL6bSM1Lock+Bv4I89B3hGYoUEPkmvYPkDKyp5UdXJYu+PoTQ3T31Q==}
    engines: {node: '>=18.0.0'}

  '@smithy/querystring-parser@4.0.2':
    resolution: {integrity: sha512-v6w8wnmZcVXjfVLjxw8qF7OwESD9wnpjp0Dqry/Pod0/5vcEA3qxCr+BhbOHlxS8O+29eLpT3aagxXGwIoEk7Q==}
    engines: {node: '>=18.0.0'}

  '@smithy/service-error-classification@4.0.2':
    resolution: {integrity: sha512-LA86xeFpTKn270Hbkixqs5n73S+LVM0/VZco8dqd+JT75Dyx3Lcw/MraL7ybjmz786+160K8rPOmhsq0SocoJQ==}
    engines: {node: '>=18.0.0'}

  '@smithy/shared-ini-file-loader@4.0.2':
    resolution: {integrity: sha512-J9/gTWBGVuFZ01oVA6vdb4DAjf1XbDhK6sLsu3OS9qmLrS6KB5ygpeHiM3miIbj1qgSJ96GYszXFWv6ErJ8QEw==}
    engines: {node: '>=18.0.0'}

  '@smithy/signature-v4@5.0.2':
    resolution: {integrity: sha512-Mz+mc7okA73Lyz8zQKJNyr7lIcHLiPYp0+oiqiMNc/t7/Kf2BENs5d63pEj7oPqdjaum6g0Fc8wC78dY1TgtXw==}
    engines: {node: '>=18.0.0'}

  '@smithy/smithy-client@4.2.0':
    resolution: {integrity: sha512-Qs65/w30pWV7LSFAez9DKy0Koaoh3iHhpcpCCJ4waj/iqwsuSzJna2+vYwq46yBaqO5ZbP9TjUsATUNxrKeBdw==}
    engines: {node: '>=18.0.0'}

  '@smithy/types@4.2.0':
    resolution: {integrity: sha512-7eMk09zQKCO+E/ivsjQv+fDlOupcFUCSC/L2YUPgwhvowVGWbPQHjEFcmjt7QQ4ra5lyowS92SV53Zc6XD4+fg==}
    engines: {node: '>=18.0.0'}

  '@smithy/url-parser@4.0.2':
    resolution: {integrity: sha512-Bm8n3j2ScqnT+kJaClSVCMeiSenK6jVAzZCNewsYWuZtnBehEz4r2qP0riZySZVfzB+03XZHJeqfmJDkeeSLiQ==}
    engines: {node: '>=18.0.0'}

  '@smithy/util-base64@4.0.0':
    resolution: {integrity: sha512-CvHfCmO2mchox9kjrtzoHkWHxjHZzaFojLc8quxXY7WAAMAg43nuxwv95tATVgQFNDwd4M9S1qFzj40Ul41Kmg==}
    engines: {node: '>=18.0.0'}

  '@smithy/util-body-length-browser@4.0.0':
    resolution: {integrity: sha512-sNi3DL0/k64/LO3A256M+m3CDdG6V7WKWHdAiBBMUN8S3hK3aMPhwnPik2A/a2ONN+9doY9UxaLfgqsIRg69QA==}
    engines: {node: '>=18.0.0'}

  '@smithy/util-body-length-node@4.0.0':
    resolution: {integrity: sha512-q0iDP3VsZzqJyje8xJWEJCNIu3lktUGVoSy1KB0UWym2CL1siV3artm+u1DFYTLejpsrdGyCSWBdGNjJzfDPjg==}
    engines: {node: '>=18.0.0'}

  '@smithy/util-buffer-from@2.2.0':
    resolution: {integrity: sha512-IJdWBbTcMQ6DA0gdNhh/BwrLkDR+ADW5Kr1aZmd4k3DIF6ezMV4R2NIAmT08wQJ3yUK82thHWmC/TnK/wpMMIA==}
    engines: {node: '>=14.0.0'}

  '@smithy/util-buffer-from@4.0.0':
    resolution: {integrity: sha512-9TOQ7781sZvddgO8nxueKi3+yGvkY35kotA0Y6BWRajAv8jjmigQ1sBwz0UX47pQMYXJPahSKEKYFgt+rXdcug==}
    engines: {node: '>=18.0.0'}

  '@smithy/util-config-provider@4.0.0':
    resolution: {integrity: sha512-L1RBVzLyfE8OXH+1hsJ8p+acNUSirQnWQ6/EgpchV88G6zGBTDPdXiiExei6Z1wR2RxYvxY/XLw6AMNCCt8H3w==}
    engines: {node: '>=18.0.0'}

  '@smithy/util-defaults-mode-browser@4.0.8':
    resolution: {integrity: sha512-ZTypzBra+lI/LfTYZeop9UjoJhhGRTg3pxrNpfSTQLd3AJ37r2z4AXTKpq1rFXiiUIJsYyFgNJdjWRGP/cbBaQ==}
    engines: {node: '>=18.0.0'}

  '@smithy/util-defaults-mode-node@4.0.8':
    resolution: {integrity: sha512-Rgk0Jc/UDfRTzVthye/k2dDsz5Xxs9LZaKCNPgJTRyoyBoeiNCnHsYGOyu1PKN+sDyPnJzMOz22JbwxzBp9NNA==}
    engines: {node: '>=18.0.0'}

  '@smithy/util-endpoints@3.0.2':
    resolution: {integrity: sha512-6QSutU5ZyrpNbnd51zRTL7goojlcnuOB55+F9VBD+j8JpRY50IGamsjlycrmpn8PQkmJucFW8A0LSfXj7jjtLQ==}
    engines: {node: '>=18.0.0'}

  '@smithy/util-hex-encoding@4.0.0':
    resolution: {integrity: sha512-Yk5mLhHtfIgW2W2WQZWSg5kuMZCVbvhFmC7rV4IO2QqnZdbEFPmQnCcGMAX2z/8Qj3B9hYYNjZOhWym+RwhePw==}
    engines: {node: '>=18.0.0'}

  '@smithy/util-middleware@4.0.2':
    resolution: {integrity: sha512-6GDamTGLuBQVAEuQ4yDQ+ti/YINf/MEmIegrEeg7DdB/sld8BX1lqt9RRuIcABOhAGTA50bRbPzErez7SlDtDQ==}
    engines: {node: '>=18.0.0'}

  '@smithy/util-retry@4.0.2':
    resolution: {integrity: sha512-Qryc+QG+7BCpvjloFLQrmlSd0RsVRHejRXd78jNO3+oREueCjwG1CCEH1vduw/ZkM1U9TztwIKVIi3+8MJScGg==}
    engines: {node: '>=18.0.0'}

  '@smithy/util-stream@4.2.0':
    resolution: {integrity: sha512-Vj1TtwWnuWqdgQI6YTUF5hQ/0jmFiOYsc51CSMgj7QfyO+RF4EnT2HNjoviNlOOmgzgvf3f5yno+EiC4vrnaWQ==}
    engines: {node: '>=18.0.0'}

  '@smithy/util-uri-escape@4.0.0':
    resolution: {integrity: sha512-77yfbCbQMtgtTylO9itEAdpPXSog3ZxMe09AEhm0dU0NLTalV70ghDZFR+Nfi1C60jnJoh/Re4090/DuZh2Omg==}
    engines: {node: '>=18.0.0'}

  '@smithy/util-utf8@2.3.0':
    resolution: {integrity: sha512-R8Rdn8Hy72KKcebgLiv8jQcQkXoLMOGGv5uI1/k0l+snqkOzQ1R0ChUBCxWMlBsFMekWjq0wRudIweFs7sKT5A==}
    engines: {node: '>=14.0.0'}

  '@smithy/util-utf8@4.0.0':
    resolution: {integrity: sha512-b+zebfKCfRdgNJDknHCob3O7FpeYQN6ZG6YLExMcasDHsCXlsXCEuiPZeLnJLpwa5dvPetGlnGCiMHuLwGvFow==}
    engines: {node: '>=18.0.0'}

  '@tsconfig/node20@20.1.5':
    resolution: {integrity: sha512-Vm8e3WxDTqMGPU4GATF9keQAIy1Drd7bPwlgzKJnZtoOsTm1tduUTbDjg0W5qERvGuxPI2h9RbMufH0YdfBylA==}

  '@types/node@22.13.13':
    resolution: {integrity: sha512-ClsL5nMwKaBRwPcCvH8E7+nU4GxHVx1axNvMZTFHMEfNI7oahimt26P5zjVCRrjiIWj6YFXfE1v3dEp94wLcGQ==}

  atomic-sleep@1.0.0:
    resolution: {integrity: sha512-kNOjDqAh7px0XWNI+4QbzoiR/nTkHAWNud2uvnJquD1/x5a7EQZMJT0AczqK0Qn67oY/TTQ1LbUKajZpp3I9tQ==}
    engines: {node: '>=8.0.0'}

  boolbase@1.0.0:
    resolution: {integrity: sha512-JZOSA7Mo9sNGB8+UjSgzdLtokWAky1zbztM3WRLCbZ70/3cTANmQmOdR7y2g+J0e2WXywy1yS468tY+IruqEww==}

  bowser@2.11.0:
    resolution: {integrity: sha512-AlcaJBi/pqqJBIQ8U9Mcpc9i8Aqxn88Skv5d+xBX006BY5u8N3mGLHa5Lgppa7L/HfwgwLgZ6NYs+Ag6uUmJRA==}

  cheerio-select@2.1.0:
    resolution: {integrity: sha512-9v9kG0LvzrlcungtnJtpGNxY+fzECQKhK4EGJX2vByejiMX84MFNQw4UxPJl3bFbTMw+Dfs37XaIkCwTZfLh4g==}

  cheerio@1.0.0:
    resolution: {integrity: sha512-quS9HgjQpdaXOvsZz82Oz7uxtXiy6UIsIQcpBj7HRw2M63Skasm9qlDocAM7jNuaxdhpPU7c4kJN+gA5MCu4ww==}
    engines: {node: '>=18.17'}

  colorette@2.0.20:
    resolution: {integrity: sha512-IfEDxwoWIjkeXL1eXcDiow4UbKjhLdq6/EuSVR9GMN7KVH3r9gQ83e73hsz1Nd1T3ijd5xv1wcWRYO+D6kCI2w==}

  css-select@5.1.0:
    resolution: {integrity: sha512-nwoRF1rvRRnnCqqY7updORDsuqKzqYJ28+oSMaJMMgOauh3fvwHqMS7EZpIPqK8GL+g9mKxF1vP/ZjSeNjEVHg==}

  css-what@6.1.0:
    resolution: {integrity: sha512-HTUrgRJ7r4dsZKU6GjmpfRK1O76h97Z8MfS1G0FozR+oF2kG6Vfe8JE6zwrkbxigziPHinCJ+gCPjA9EaBDtRw==}
    engines: {node: '>= 6'}

  date-fns@4.1.0:
    resolution: {integrity: sha512-Ukq0owbQXxa/U3EGtsdVBkR1w7KOQ5gIBqdH2hkvknzZPYvBxb/aa6E8L7tmjFtkwZBu3UXBbjIgPo/Ez4xaNg==}

  dateformat@4.6.3:
    resolution: {integrity: sha512-2P0p0pFGzHS5EMnhdxQi7aJN+iMheud0UhG4dlE1DLAlvL8JHjJJTX/CSm4JXwV0Ka5nGk3zC5mcb5bUQUxxMA==}

  dom-serializer@2.0.0:
    resolution: {integrity: sha512-wIkAryiqt/nV5EQKqQpo3SToSOV9J0DnbJqwK7Wv/Trc92zIAYZ4FlMu+JPFW1DfGFt81ZTCGgDEabffXeLyJg==}

  domelementtype@2.3.0:
    resolution: {integrity: sha512-OLETBj6w0OsagBwdXnPdN0cnMfF9opN69co+7ZrbfPGrdpPVNBUj02spi6B1N7wChLQiPn4CSH/zJvXw56gmHw==}

  domhandler@5.0.3:
    resolution: {integrity: sha512-cgwlv/1iFQiFnU96XXgROh8xTeetsnJiDsTc7TYCLFd9+/WNkIqPTxiM/8pSd8VIrhXGTf1Ny1q1hquVqDJB5w==}
    engines: {node: '>= 4'}

  domutils@3.2.2:
    resolution: {integrity: sha512-6kZKyUajlDuqlHKVX1w7gyslj9MPIXzIFiz/rGu35uC1wMi+kMhQwGhl4lt9unC9Vb9INnY9Z3/ZA3+FhASLaw==}

  dotenv@16.4.7:
    resolution: {integrity: sha512-47qPchRCykZC03FhkYAhrvwU4xDBFIj1QPqaarj6mdM/hgUzfPHcpkHJOn3mJAufFeeAxAzeGsr5X0M4k6fLZQ==}
    engines: {node: '>=12'}

  encoding-sniffer@0.2.0:
    resolution: {integrity: sha512-ju7Wq1kg04I3HtiYIOrUrdfdDvkyO9s5XM8QAj/bN61Yo/Vb4vgJxy5vi4Yxk01gWHbrofpPtpxM8bKger9jhg==}

  end-of-stream@1.4.4:
    resolution: {integrity: sha512-+uw1inIHVPQoaVuHzRyXd21icM+cnt4CzD5rW+NC1wjOUSTOs+Te7FOv7AhN7vS9x/oIyhLP5PR1H+phQAHu5Q==}

  entities@4.5.0:
    resolution: {integrity: sha512-V0hjH4dGPh9Ao5p0MoRY6BVqtwCjhz6vI5LT8AJ55H+4g9/4vbHx1I54fS0XuclLhDHArPQCiMjDxjaL8fPxhw==}
    engines: {node: '>=0.12'}

  fast-copy@3.0.2:
    resolution: {integrity: sha512-dl0O9Vhju8IrcLndv2eU4ldt1ftXMqqfgN4H1cpmGV7P6jeB9FwpN9a2c8DPGE1Ys88rNUJVYDHq73CGAGOPfQ==}

  fast-redact@3.5.0:
    resolution: {integrity: sha512-dwsoQlS7h9hMeYUq1W++23NDcBLV4KqONnITDV9DjfS3q1SgDGVrBdvvTLUotWtPSD7asWDV9/CmsZPy8Hf70A==}
    engines: {node: '>=6'}

  fast-safe-stringify@2.1.1:
    resolution: {integrity: sha512-W+KJc2dmILlPplD/H4K9l9LcAHAfPtP6BY84uVLXQ6Evcz9Lcg33Y2z1IVblT6xdY54PXYVHEv+0Wpq8Io6zkA==}

  fast-xml-parser@4.4.1:
    resolution: {integrity: sha512-xkjOecfnKGkSsOwtZ5Pz7Us/T6mrbPQrq0nh+aCO5V9nk5NLWmasAHumTKjiPJPWANe+kAZ84Jc8ooJkzZ88Sw==}
    hasBin: true

  help-me@5.0.0:
    resolution: {integrity: sha512-7xgomUX6ADmcYzFik0HzAxh/73YlKR9bmFzf51CZwR+b6YtzU2m0u49hQCqV6SvlqIqsaxovfwdvbnsw3b/zpg==}

  htmlparser2@9.1.0:
    resolution: {integrity: sha512-5zfg6mHUoaer/97TxnGpxmbR7zJtPwIYFMZ/H5ucTlPZhKvtum05yiPK3Mgai3a0DyVxv7qYqoweaEd2nrYQzQ==}

  iconv-lite@0.6.3:
    resolution: {integrity: sha512-4fCk79wshMdzMp2rH06qWrJE4iolqLhCUH+OiuIgU++RB0+94NlDL81atO7GX55uUKueo0txHNtvEyI6D7WdMw==}
    engines: {node: '>=0.10.0'}

  joycon@3.1.1:
    resolution: {integrity: sha512-34wB/Y7MW7bzjKRjUKTa46I2Z7eV62Rkhva+KkopW7Qvv/OSWBqvkSY7vusOPrNuZcUG3tApvdVgNB8POj3SPw==}
    engines: {node: '>=10'}

  minimist@1.2.8:
    resolution: {integrity: sha512-2yyAR8qBkN3YuheJanUpWC5U3bb5osDywNB8RzDVlDwDHbocAJveqqj1u8+SVD7jkWT4yvsHCpWqqWqAxb0zCA==}

  nth-check@2.1.1:
    resolution: {integrity: sha512-lqjrjmaOoAnWfMmBPL+XNnynZh2+swxiX3WUE0s4yEHI6m+AwrK2UZOimIRl3X/4QctVqS8AiZjFqyOGrMXb/w==}

  on-exit-leak-free@2.1.2:
    resolution: {integrity: sha512-0eJJY6hXLGf1udHwfNftBqH+g73EU4B504nZeKpz1sYRKafAghwxEJunB2O7rDZkL4PGfsMVnTXZ2EjibbqcsA==}
    engines: {node: '>=14.0.0'}

  once@1.4.0:
    resolution: {integrity: sha512-lNaJgI+2Q5URQBkccEKHTQOPaXdUxnZZElQTZY0MFUAuaEqe1E+Nyvgdz/aIyNi6Z9MzO5dv1H8n58/GELp3+w==}

  parse5-htmlparser2-tree-adapter@7.1.0:
    resolution: {integrity: sha512-ruw5xyKs6lrpo9x9rCZqZZnIUntICjQAd0Wsmp396Ul9lN/h+ifgVV1x1gZHi8euej6wTfpqX8j+BFQxF0NS/g==}

  parse5-parser-stream@7.1.2:
    resolution: {integrity: sha512-JyeQc9iwFLn5TbvvqACIF/VXG6abODeB3Fwmv/TGdLk2LfbWkaySGY72at4+Ty7EkPZj854u4CrICqNk2qIbow==}

  parse5@7.2.1:
    resolution: {integrity: sha512-BuBYQYlv1ckiPdQi/ohiivi9Sagc9JG+Ozs0r7b/0iK3sKmrb0b9FdWdBbOdx6hBCM/F9Ir82ofnBhtZOjCRPQ==}

  pino-abstract-transport@2.0.0:
    resolution: {integrity: sha512-F63x5tizV6WCh4R6RHyi2Ml+M70DNRXt/+HANowMflpgGFMAym/VKm6G7ZOQRjqN7XbGxK1Lg9t6ZrtzOaivMw==}

  pino-pretty@13.0.0:
    resolution: {integrity: sha512-cQBBIVG3YajgoUjo1FdKVRX6t9XPxwB9lcNJVD5GCnNM4Y6T12YYx8c6zEejxQsU0wrg9TwmDulcE9LR7qcJqA==}
    hasBin: true

  pino-roll@3.1.0:
    resolution: {integrity: sha512-UimuzDe5FJSqzHZjBOQIgXArc6GE8rcJ7XsmhMkTI37msWqeI8yOqNKdPH3qucrvSxdL+y+GksqPTgQlSFWFEQ==}

  pino-std-serializers@7.0.0:
    resolution: {integrity: sha512-e906FRY0+tV27iq4juKzSYPbUj2do2X2JX4EzSca1631EB2QJQUqGbDuERal7LCtOpxl6x3+nvo9NPZcmjkiFA==}

  pino@9.6.0:
    resolution: {integrity: sha512-i85pKRCt4qMjZ1+L7sy2Ag4t1atFcdbEt76+7iRJn1g2BvsnRMGu9p8pivl9fs63M2kF/A0OacFZhTub+m/qMg==}
    hasBin: true

  process-warning@4.0.1:
    resolution: {integrity: sha512-3c2LzQ3rY9d0hc1emcsHhfT9Jwz0cChib/QN89oME2R451w5fy3f0afAhERFZAwrbDU43wk12d0ORBpDVME50Q==}

  pump@3.0.2:
    resolution: {integrity: sha512-tUPXtzlGM8FE3P0ZL6DVs/3P58k9nk8/jZeQCurTJylQA8qFYzHFfhBJkuqyE0FifOsQ0uKWekiZ5g8wtr28cw==}

  quick-format-unescaped@4.0.4:
    resolution: {integrity: sha512-tYC1Q1hgyRuHgloV/YXs2w15unPVh8qfu/qCTfhTYamaw7fyhumKa2yGpdSo87vY32rIclj+4fWYQXUMs9EHvg==}

  real-require@0.2.0:
    resolution: {integrity: sha512-57frrGM/OCTLqLOAh0mhVA9VBMHd+9U7Zb2THMGdBUoZVOtGbJzjxsYGDJ3A9AYYCP4hn6y1TVbaOfzWtm5GFg==}
    engines: {node: '>= 12.13.0'}

  safe-stable-stringify@2.5.0:
    resolution: {integrity: sha512-b3rppTKm9T+PsVCBEOUR46GWI7fdOs00VKZ1+9c1EWDaDMvjQc6tUwuFyIprgGgTcWoVHSKrU8H31ZHA2e0RHA==}
    engines: {node: '>=10'}

  safer-buffer@2.1.2:
    resolution: {integrity: sha512-YZo3K82SD7Riyi0E1EQPojLz7kpepnSQI9IyPbHHg1XXXevb5dJI7tpyN2ADxGcQbHG7vcyRHk0cbwqcQriUtg==}

  secure-json-parse@2.7.0:
    resolution: {integrity: sha512-6aU+Rwsezw7VR8/nyvKTx8QpWH9FrcYiXXlqC4z5d5XQBDRqtbfsRjnwGyqbi3gddNtWHuEk9OANUotL26qKUw==}

  sonic-boom@4.2.0:
    resolution: {integrity: sha512-INb7TM37/mAcsGmc9hyyI6+QR3rR1zVRu36B0NeGXKnOOLiZOfER5SA+N7X7k3yUYRzLWafduTDvJAfDswwEww==}

  split2@4.2.0:
    resolution: {integrity: sha512-UcjcJOWknrNkF6PLX83qcHM6KHgVKNkV62Y8a5uYDVv9ydGQVwAHMKqHdJje1VTWpljG0WYpCDhrCdAOYH4TWg==}
    engines: {node: '>= 10.x'}

  strip-json-comments@3.1.1:
    resolution: {integrity: sha512-6fPc+R4ihwqP6N/aIv2f1gMH8lOVtWQHoqC4yK6oSDVVocumAsfCqjkXnqiYMhmMwS/mEHLp7Vehlt3ql6lEig==}
    engines: {node: '>=8'}

  strnum@1.1.2:
    resolution: {integrity: sha512-vrN+B7DBIoTTZjnPNewwhx6cBA/H+IS7rfW68n7XxC1y7uoiGQBxaKzqucGUgavX15dJgiGztLJ8vxuEzwqBdA==}

  thread-stream@3.1.0:
    resolution: {integrity: sha512-OqyPZ9u96VohAyMfJykzmivOrY2wfMSf3C5TtFJVgN+Hm6aj+voFhlK+kZEIv2FBh1X6Xp3DlnCOfEQ3B2J86A==}

  tslib@2.8.1:
    resolution: {integrity: sha512-oJFu94HQb+KVduSUQL7wnpmqnfmLsOA/nAh6b6EH0wCEoK0/mPeXU6c3wKDV83MkOuHPRHtSXKKU99IBazS/2w==}

  typescript@5.8.2:
    resolution: {integrity: sha512-aJn6wq13/afZp/jT9QZmwEjDqqvSGp1VT5GVg+f/t6/oVyrgXM6BY1h9BRh/O5p3PlUPAe+WuiEZOmb/49RqoQ==}
    engines: {node: '>=14.17'}
    hasBin: true

  undici-types@6.20.0:
    resolution: {integrity: sha512-Ny6QZ2Nju20vw1SRHe3d9jVu6gJ+4e3+MMpqu7pqE5HT6WsTSlce++GQmK5UXS8mzV8DSYHrQH+Xrf2jVcuKNg==}

  undici@6.21.2:
    resolution: {integrity: sha512-uROZWze0R0itiAKVPsYhFov9LxrPMHLMEQFszeI2gCN6bnIIZ8twzBCJcN2LJrBBLfrP0t1FW0g+JmKVl8Vk1g==}
    engines: {node: '>=18.17'}

  uuid@9.0.1:
    resolution: {integrity: sha512-b+1eJOlsR9K8HJpow9Ok3fiWOWSIcIzXodvv0rQjVoOVNpWMpxf1wZNpt4y9h10odCNrqnYp1OBzRktckBe3sA==}
    hasBin: true

  whatwg-encoding@3.1.1:
    resolution: {integrity: sha512-6qN4hJdMwfYBtE3YBTTHhoeuUrDBPZmbQaxWAqSALV/MeEnR5z1xd8UKud2RAkFoPkmB+hli1TZSnyi84xz1vQ==}
    engines: {node: '>=18'}

  whatwg-mimetype@4.0.0:
    resolution: {integrity: sha512-QaKxh0eNIi2mE9p2vEdzfagOKHCcj1pJ56EEHGQOVxp8r9/iszLUUV7v89x9O1p/T+NlTM5W7jW6+cz4Fq1YVg==}
    engines: {node: '>=18'}

  wrappy@1.0.2:
    resolution: {integrity: sha512-l4Sp/DRseor9wL6EvV2+TuQn63dMkPjZ/sp9XkghTEbV9KlPS1xUsZ3u7/IQO4wxtcFB4bgpQPRcR3QCvezPcQ==}

  zod@3.24.2:
    resolution: {integrity: sha512-lY7CDW43ECgW9u1TcT3IoXHflywfVqDYze4waEz812jR/bZ8FHDsl7pFQoSZTz5N+2NqRXs8GBwnAwo3ZNxqhQ==}

snapshots:

  '@aws-crypto/sha256-browser@5.2.0':
    dependencies:
      '@aws-crypto/sha256-js': 5.2.0
      '@aws-crypto/supports-web-crypto': 5.2.0
      '@aws-crypto/util': 5.2.0
      '@aws-sdk/types': 3.775.0
      '@aws-sdk/util-locate-window': 3.723.0
      '@smithy/util-utf8': 2.3.0
      tslib: 2.8.1

  '@aws-crypto/sha256-js@5.2.0':
    dependencies:
      '@aws-crypto/util': 5.2.0
      '@aws-sdk/types': 3.775.0
      tslib: 2.8.1

  '@aws-crypto/supports-web-crypto@5.2.0':
    dependencies:
      tslib: 2.8.1

  '@aws-crypto/util@5.2.0':
    dependencies:
      '@aws-sdk/types': 3.775.0
      '@smithy/util-utf8': 2.3.0
      tslib: 2.8.1

  '@aws-sdk/client-sqs@3.777.0':
    dependencies:
      '@aws-crypto/sha256-browser': 5.2.0
      '@aws-crypto/sha256-js': 5.2.0
      '@aws-sdk/core': 3.775.0
      '@aws-sdk/credential-provider-node': 3.777.0
      '@aws-sdk/middleware-host-header': 3.775.0
      '@aws-sdk/middleware-logger': 3.775.0
      '@aws-sdk/middleware-recursion-detection': 3.775.0
      '@aws-sdk/middleware-sdk-sqs': 3.775.0
      '@aws-sdk/middleware-user-agent': 3.775.0
      '@aws-sdk/region-config-resolver': 3.775.0
      '@aws-sdk/types': 3.775.0
      '@aws-sdk/util-endpoints': 3.775.0
      '@aws-sdk/util-user-agent-browser': 3.775.0
      '@aws-sdk/util-user-agent-node': 3.775.0
      '@smithy/config-resolver': 4.1.0
      '@smithy/core': 3.2.0
      '@smithy/fetch-http-handler': 5.0.2
      '@smithy/hash-node': 4.0.2
      '@smithy/invalid-dependency': 4.0.2
      '@smithy/md5-js': 4.0.2
      '@smithy/middleware-content-length': 4.0.2
      '@smithy/middleware-endpoint': 4.1.0
      '@smithy/middleware-retry': 4.1.0
      '@smithy/middleware-serde': 4.0.3
      '@smithy/middleware-stack': 4.0.2
      '@smithy/node-config-provider': 4.0.2
      '@smithy/node-http-handler': 4.0.4
      '@smithy/protocol-http': 5.1.0
      '@smithy/smithy-client': 4.2.0
      '@smithy/types': 4.2.0
      '@smithy/url-parser': 4.0.2
      '@smithy/util-base64': 4.0.0
      '@smithy/util-body-length-browser': 4.0.0
      '@smithy/util-body-length-node': 4.0.0
      '@smithy/util-defaults-mode-browser': 4.0.8
      '@smithy/util-defaults-mode-node': 4.0.8
      '@smithy/util-endpoints': 3.0.2
      '@smithy/util-middleware': 4.0.2
      '@smithy/util-retry': 4.0.2
      '@smithy/util-utf8': 4.0.0
      tslib: 2.8.1
    transitivePeerDependencies:
      - aws-crt

  '@aws-sdk/client-sso@3.777.0':
    dependencies:
      '@aws-crypto/sha256-browser': 5.2.0
      '@aws-crypto/sha256-js': 5.2.0
      '@aws-sdk/core': 3.775.0
      '@aws-sdk/middleware-host-header': 3.775.0
      '@aws-sdk/middleware-logger': 3.775.0
      '@aws-sdk/middleware-recursion-detection': 3.775.0
      '@aws-sdk/middleware-user-agent': 3.775.0
      '@aws-sdk/region-config-resolver': 3.775.0
      '@aws-sdk/types': 3.775.0
      '@aws-sdk/util-endpoints': 3.775.0
      '@aws-sdk/util-user-agent-browser': 3.775.0
      '@aws-sdk/util-user-agent-node': 3.775.0
      '@smithy/config-resolver': 4.1.0
      '@smithy/core': 3.2.0
      '@smithy/fetch-http-handler': 5.0.2
      '@smithy/hash-node': 4.0.2
      '@smithy/invalid-dependency': 4.0.2
      '@smithy/middleware-content-length': 4.0.2
      '@smithy/middleware-endpoint': 4.1.0
      '@smithy/middleware-retry': 4.1.0
      '@smithy/middleware-serde': 4.0.3
      '@smithy/middleware-stack': 4.0.2
      '@smithy/node-config-provider': 4.0.2
      '@smithy/node-http-handler': 4.0.4
      '@smithy/protocol-http': 5.1.0
      '@smithy/smithy-client': 4.2.0
      '@smithy/types': 4.2.0
      '@smithy/url-parser': 4.0.2
      '@smithy/util-base64': 4.0.0
      '@smithy/util-body-length-browser': 4.0.0
      '@smithy/util-body-length-node': 4.0.0
      '@smithy/util-defaults-mode-browser': 4.0.8
      '@smithy/util-defaults-mode-node': 4.0.8
      '@smithy/util-endpoints': 3.0.2
      '@smithy/util-middleware': 4.0.2
      '@smithy/util-retry': 4.0.2
      '@smithy/util-utf8': 4.0.0
      tslib: 2.8.1
    transitivePeerDependencies:
      - aws-crt

  '@aws-sdk/core@3.775.0':
    dependencies:
      '@aws-sdk/types': 3.775.0
      '@smithy/core': 3.2.0
      '@smithy/node-config-provider': 4.0.2
      '@smithy/property-provider': 4.0.2
      '@smithy/protocol-http': 5.1.0
      '@smithy/signature-v4': 5.0.2
      '@smithy/smithy-client': 4.2.0
      '@smithy/types': 4.2.0
      '@smithy/util-middleware': 4.0.2
      fast-xml-parser: 4.4.1
      tslib: 2.8.1

  '@aws-sdk/credential-provider-env@3.775.0':
    dependencies:
      '@aws-sdk/core': 3.775.0
      '@aws-sdk/types': 3.775.0
      '@smithy/property-provider': 4.0.2
      '@smithy/types': 4.2.0
      tslib: 2.8.1

  '@aws-sdk/credential-provider-http@3.775.0':
    dependencies:
      '@aws-sdk/core': 3.775.0
      '@aws-sdk/types': 3.775.0
      '@smithy/fetch-http-handler': 5.0.2
      '@smithy/node-http-handler': 4.0.4
      '@smithy/property-provider': 4.0.2
      '@smithy/protocol-http': 5.1.0
      '@smithy/smithy-client': 4.2.0
      '@smithy/types': 4.2.0
      '@smithy/util-stream': 4.2.0
      tslib: 2.8.1

  '@aws-sdk/credential-provider-ini@3.777.0':
    dependencies:
      '@aws-sdk/core': 3.775.0
      '@aws-sdk/credential-provider-env': 3.775.0
      '@aws-sdk/credential-provider-http': 3.775.0
      '@aws-sdk/credential-provider-process': 3.775.0
      '@aws-sdk/credential-provider-sso': 3.777.0
      '@aws-sdk/credential-provider-web-identity': 3.777.0
      '@aws-sdk/nested-clients': 3.777.0
      '@aws-sdk/types': 3.775.0
      '@smithy/credential-provider-imds': 4.0.2
      '@smithy/property-provider': 4.0.2
      '@smithy/shared-ini-file-loader': 4.0.2
      '@smithy/types': 4.2.0
      tslib: 2.8.1
    transitivePeerDependencies:
      - aws-crt

  '@aws-sdk/credential-provider-node@3.777.0':
    dependencies:
      '@aws-sdk/credential-provider-env': 3.775.0
      '@aws-sdk/credential-provider-http': 3.775.0
      '@aws-sdk/credential-provider-ini': 3.777.0
      '@aws-sdk/credential-provider-process': 3.775.0
      '@aws-sdk/credential-provider-sso': 3.777.0
      '@aws-sdk/credential-provider-web-identity': 3.777.0
      '@aws-sdk/types': 3.775.0
      '@smithy/credential-provider-imds': 4.0.2
      '@smithy/property-provider': 4.0.2
      '@smithy/shared-ini-file-loader': 4.0.2
      '@smithy/types': 4.2.0
      tslib: 2.8.1
    transitivePeerDependencies:
      - aws-crt

  '@aws-sdk/credential-provider-process@3.775.0':
    dependencies:
      '@aws-sdk/core': 3.775.0
      '@aws-sdk/types': 3.775.0
      '@smithy/property-provider': 4.0.2
      '@smithy/shared-ini-file-loader': 4.0.2
      '@smithy/types': 4.2.0
      tslib: 2.8.1

  '@aws-sdk/credential-provider-sso@3.777.0':
    dependencies:
      '@aws-sdk/client-sso': 3.777.0
      '@aws-sdk/core': 3.775.0
      '@aws-sdk/token-providers': 3.777.0
      '@aws-sdk/types': 3.775.0
      '@smithy/property-provider': 4.0.2
      '@smithy/shared-ini-file-loader': 4.0.2
      '@smithy/types': 4.2.0
      tslib: 2.8.1
    transitivePeerDependencies:
      - aws-crt

  '@aws-sdk/credential-provider-web-identity@3.777.0':
    dependencies:
      '@aws-sdk/core': 3.775.0
      '@aws-sdk/nested-clients': 3.777.0
      '@aws-sdk/types': 3.775.0
      '@smithy/property-provider': 4.0.2
      '@smithy/types': 4.2.0
      tslib: 2.8.1
    transitivePeerDependencies:
      - aws-crt

  '@aws-sdk/middleware-host-header@3.775.0':
    dependencies:
      '@aws-sdk/types': 3.775.0
      '@smithy/protocol-http': 5.1.0
      '@smithy/types': 4.2.0
      tslib: 2.8.1

  '@aws-sdk/middleware-logger@3.775.0':
    dependencies:
      '@aws-sdk/types': 3.775.0
      '@smithy/types': 4.2.0
      tslib: 2.8.1

  '@aws-sdk/middleware-recursion-detection@3.775.0':
    dependencies:
      '@aws-sdk/types': 3.775.0
      '@smithy/protocol-http': 5.1.0
      '@smithy/types': 4.2.0
      tslib: 2.8.1

  '@aws-sdk/middleware-sdk-sqs@3.775.0':
    dependencies:
      '@aws-sdk/types': 3.775.0
      '@smithy/smithy-client': 4.2.0
      '@smithy/types': 4.2.0
      '@smithy/util-hex-encoding': 4.0.0
      '@smithy/util-utf8': 4.0.0
      tslib: 2.8.1

  '@aws-sdk/middleware-user-agent@3.775.0':
    dependencies:
      '@aws-sdk/core': 3.775.0
      '@aws-sdk/types': 3.775.0
      '@aws-sdk/util-endpoints': 3.775.0
      '@smithy/core': 3.2.0
      '@smithy/protocol-http': 5.1.0
      '@smithy/types': 4.2.0
      tslib: 2.8.1

  '@aws-sdk/nested-clients@3.777.0':
    dependencies:
      '@aws-crypto/sha256-browser': 5.2.0
      '@aws-crypto/sha256-js': 5.2.0
      '@aws-sdk/core': 3.775.0
      '@aws-sdk/middleware-host-header': 3.775.0
      '@aws-sdk/middleware-logger': 3.775.0
      '@aws-sdk/middleware-recursion-detection': 3.775.0
      '@aws-sdk/middleware-user-agent': 3.775.0
      '@aws-sdk/region-config-resolver': 3.775.0
      '@aws-sdk/types': 3.775.0
      '@aws-sdk/util-endpoints': 3.775.0
      '@aws-sdk/util-user-agent-browser': 3.775.0
      '@aws-sdk/util-user-agent-node': 3.775.0
      '@smithy/config-resolver': 4.1.0
      '@smithy/core': 3.2.0
      '@smithy/fetch-http-handler': 5.0.2
      '@smithy/hash-node': 4.0.2
      '@smithy/invalid-dependency': 4.0.2
      '@smithy/middleware-content-length': 4.0.2
      '@smithy/middleware-endpoint': 4.1.0
      '@smithy/middleware-retry': 4.1.0
      '@smithy/middleware-serde': 4.0.3
      '@smithy/middleware-stack': 4.0.2
      '@smithy/node-config-provider': 4.0.2
      '@smithy/node-http-handler': 4.0.4
      '@smithy/protocol-http': 5.1.0
      '@smithy/smithy-client': 4.2.0
      '@smithy/types': 4.2.0
      '@smithy/url-parser': 4.0.2
      '@smithy/util-base64': 4.0.0
      '@smithy/util-body-length-browser': 4.0.0
      '@smithy/util-body-length-node': 4.0.0
      '@smithy/util-defaults-mode-browser': 4.0.8
      '@smithy/util-defaults-mode-node': 4.0.8
      '@smithy/util-endpoints': 3.0.2
      '@smithy/util-middleware': 4.0.2
      '@smithy/util-retry': 4.0.2
      '@smithy/util-utf8': 4.0.0
      tslib: 2.8.1
    transitivePeerDependencies:
      - aws-crt

  '@aws-sdk/region-config-resolver@3.775.0':
    dependencies:
      '@aws-sdk/types': 3.775.0
      '@smithy/node-config-provider': 4.0.2
      '@smithy/types': 4.2.0
      '@smithy/util-config-provider': 4.0.0
      '@smithy/util-middleware': 4.0.2
      tslib: 2.8.1

  '@aws-sdk/token-providers@3.777.0':
    dependencies:
      '@aws-sdk/nested-clients': 3.777.0
      '@aws-sdk/types': 3.775.0
      '@smithy/property-provider': 4.0.2
      '@smithy/shared-ini-file-loader': 4.0.2
      '@smithy/types': 4.2.0
      tslib: 2.8.1
    transitivePeerDependencies:
      - aws-crt

  '@aws-sdk/types@3.775.0':
    dependencies:
      '@smithy/types': 4.2.0
      tslib: 2.8.1

  '@aws-sdk/util-endpoints@3.775.0':
    dependencies:
      '@aws-sdk/types': 3.775.0
      '@smithy/types': 4.2.0
      '@smithy/util-endpoints': 3.0.2
      tslib: 2.8.1

  '@aws-sdk/util-locate-window@3.723.0':
    dependencies:
      tslib: 2.8.1

  '@aws-sdk/util-user-agent-browser@3.775.0':
    dependencies:
      '@aws-sdk/types': 3.775.0
      '@smithy/types': 4.2.0
      bowser: 2.11.0
      tslib: 2.8.1

  '@aws-sdk/util-user-agent-node@3.775.0':
    dependencies:
      '@aws-sdk/middleware-user-agent': 3.775.0
      '@aws-sdk/types': 3.775.0
      '@smithy/node-config-provider': 4.0.2
      '@smithy/types': 4.2.0
      tslib: 2.8.1

  '@smithy/abort-controller@4.0.2':
    dependencies:
      '@smithy/types': 4.2.0
      tslib: 2.8.1

  '@smithy/config-resolver@4.1.0':
    dependencies:
      '@smithy/node-config-provider': 4.0.2
      '@smithy/types': 4.2.0
      '@smithy/util-config-provider': 4.0.0
      '@smithy/util-middleware': 4.0.2
      tslib: 2.8.1

  '@smithy/core@3.2.0':
    dependencies:
      '@smithy/middleware-serde': 4.0.3
      '@smithy/protocol-http': 5.1.0
      '@smithy/types': 4.2.0
      '@smithy/util-body-length-browser': 4.0.0
      '@smithy/util-middleware': 4.0.2
      '@smithy/util-stream': 4.2.0
      '@smithy/util-utf8': 4.0.0
      tslib: 2.8.1

  '@smithy/credential-provider-imds@4.0.2':
    dependencies:
      '@smithy/node-config-provider': 4.0.2
      '@smithy/property-provider': 4.0.2
      '@smithy/types': 4.2.0
      '@smithy/url-parser': 4.0.2
      tslib: 2.8.1

  '@smithy/fetch-http-handler@5.0.2':
    dependencies:
      '@smithy/protocol-http': 5.1.0
      '@smithy/querystring-builder': 4.0.2
      '@smithy/types': 4.2.0
      '@smithy/util-base64': 4.0.0
      tslib: 2.8.1

  '@smithy/hash-node@4.0.2':
    dependencies:
      '@smithy/types': 4.2.0
      '@smithy/util-buffer-from': 4.0.0
      '@smithy/util-utf8': 4.0.0
      tslib: 2.8.1

  '@smithy/invalid-dependency@4.0.2':
    dependencies:
      '@smithy/types': 4.2.0
      tslib: 2.8.1

  '@smithy/is-array-buffer@2.2.0':
    dependencies:
      tslib: 2.8.1

  '@smithy/is-array-buffer@4.0.0':
    dependencies:
      tslib: 2.8.1

  '@smithy/md5-js@4.0.2':
    dependencies:
      '@smithy/types': 4.2.0
      '@smithy/util-utf8': 4.0.0
      tslib: 2.8.1

  '@smithy/middleware-content-length@4.0.2':
    dependencies:
      '@smithy/protocol-http': 5.1.0
      '@smithy/types': 4.2.0
      tslib: 2.8.1

  '@smithy/middleware-endpoint@4.1.0':
    dependencies:
      '@smithy/core': 3.2.0
      '@smithy/middleware-serde': 4.0.3
      '@smithy/node-config-provider': 4.0.2
      '@smithy/shared-ini-file-loader': 4.0.2
      '@smithy/types': 4.2.0
      '@smithy/url-parser': 4.0.2
      '@smithy/util-middleware': 4.0.2
      tslib: 2.8.1

  '@smithy/middleware-retry@4.1.0':
    dependencies:
      '@smithy/node-config-provider': 4.0.2
      '@smithy/protocol-http': 5.1.0
      '@smithy/service-error-classification': 4.0.2
      '@smithy/smithy-client': 4.2.0
      '@smithy/types': 4.2.0
      '@smithy/util-middleware': 4.0.2
      '@smithy/util-retry': 4.0.2
      tslib: 2.8.1
      uuid: 9.0.1

  '@smithy/middleware-serde@4.0.3':
    dependencies:
      '@smithy/types': 4.2.0
      tslib: 2.8.1

  '@smithy/middleware-stack@4.0.2':
    dependencies:
      '@smithy/types': 4.2.0
      tslib: 2.8.1

  '@smithy/node-config-provider@4.0.2':
    dependencies:
      '@smithy/property-provider': 4.0.2
      '@smithy/shared-ini-file-loader': 4.0.2
      '@smithy/types': 4.2.0
      tslib: 2.8.1

  '@smithy/node-http-handler@4.0.4':
    dependencies:
      '@smithy/abort-controller': 4.0.2
      '@smithy/protocol-http': 5.1.0
      '@smithy/querystring-builder': 4.0.2
      '@smithy/types': 4.2.0
      tslib: 2.8.1

  '@smithy/property-provider@4.0.2':
    dependencies:
      '@smithy/types': 4.2.0
      tslib: 2.8.1

  '@smithy/protocol-http@5.1.0':
    dependencies:
      '@smithy/types': 4.2.0
      tslib: 2.8.1

  '@smithy/querystring-builder@4.0.2':
    dependencies:
      '@smithy/types': 4.2.0
      '@smithy/util-uri-escape': 4.0.0
      tslib: 2.8.1

  '@smithy/querystring-parser@4.0.2':
    dependencies:
      '@smithy/types': 4.2.0
      tslib: 2.8.1

  '@smithy/service-error-classification@4.0.2':
    dependencies:
      '@smithy/types': 4.2.0

  '@smithy/shared-ini-file-loader@4.0.2':
    dependencies:
      '@smithy/types': 4.2.0
      tslib: 2.8.1

  '@smithy/signature-v4@5.0.2':
    dependencies:
      '@smithy/is-array-buffer': 4.0.0
      '@smithy/protocol-http': 5.1.0
      '@smithy/types': 4.2.0
      '@smithy/util-hex-encoding': 4.0.0
      '@smithy/util-middleware': 4.0.2
      '@smithy/util-uri-escape': 4.0.0
      '@smithy/util-utf8': 4.0.0
      tslib: 2.8.1

  '@smithy/smithy-client@4.2.0':
    dependencies:
      '@smithy/core': 3.2.0
      '@smithy/middleware-endpoint': 4.1.0
      '@smithy/middleware-stack': 4.0.2
      '@smithy/protocol-http': 5.1.0
      '@smithy/types': 4.2.0
      '@smithy/util-stream': 4.2.0
      tslib: 2.8.1

  '@smithy/types@4.2.0':
    dependencies:
      tslib: 2.8.1

  '@smithy/url-parser@4.0.2':
    dependencies:
      '@smithy/querystring-parser': 4.0.2
      '@smithy/types': 4.2.0
      tslib: 2.8.1

  '@smithy/util-base64@4.0.0':
    dependencies:
      '@smithy/util-buffer-from': 4.0.0
      '@smithy/util-utf8': 4.0.0
      tslib: 2.8.1

  '@smithy/util-body-length-browser@4.0.0':
    dependencies:
      tslib: 2.8.1

  '@smithy/util-body-length-node@4.0.0':
    dependencies:
      tslib: 2.8.1

  '@smithy/util-buffer-from@2.2.0':
    dependencies:
      '@smithy/is-array-buffer': 2.2.0
      tslib: 2.8.1

  '@smithy/util-buffer-from@4.0.0':
    dependencies:
      '@smithy/is-array-buffer': 4.0.0
      tslib: 2.8.1

  '@smithy/util-config-provider@4.0.0':
    dependencies:
      tslib: 2.8.1

  '@smithy/util-defaults-mode-browser@4.0.8':
    dependencies:
      '@smithy/property-provider': 4.0.2
      '@smithy/smithy-client': 4.2.0
      '@smithy/types': 4.2.0
      bowser: 2.11.0
      tslib: 2.8.1

  '@smithy/util-defaults-mode-node@4.0.8':
    dependencies:
      '@smithy/config-resolver': 4.1.0
      '@smithy/credential-provider-imds': 4.0.2
      '@smithy/node-config-provider': 4.0.2
      '@smithy/property-provider': 4.0.2
      '@smithy/smithy-client': 4.2.0
      '@smithy/types': 4.2.0
      tslib: 2.8.1

  '@smithy/util-endpoints@3.0.2':
    dependencies:
      '@smithy/node-config-provider': 4.0.2
      '@smithy/types': 4.2.0
      tslib: 2.8.1

  '@smithy/util-hex-encoding@4.0.0':
    dependencies:
      tslib: 2.8.1

  '@smithy/util-middleware@4.0.2':
    dependencies:
      '@smithy/types': 4.2.0
      tslib: 2.8.1

  '@smithy/util-retry@4.0.2':
    dependencies:
      '@smithy/service-error-classification': 4.0.2
      '@smithy/types': 4.2.0
      tslib: 2.8.1

  '@smithy/util-stream@4.2.0':
    dependencies:
      '@smithy/fetch-http-handler': 5.0.2
      '@smithy/node-http-handler': 4.0.4
      '@smithy/types': 4.2.0
      '@smithy/util-base64': 4.0.0
      '@smithy/util-buffer-from': 4.0.0
      '@smithy/util-hex-encoding': 4.0.0
      '@smithy/util-utf8': 4.0.0
      tslib: 2.8.1

  '@smithy/util-uri-escape@4.0.0':
    dependencies:
      tslib: 2.8.1

  '@smithy/util-utf8@2.3.0':
    dependencies:
      '@smithy/util-buffer-from': 2.2.0
      tslib: 2.8.1

  '@smithy/util-utf8@4.0.0':
    dependencies:
      '@smithy/util-buffer-from': 4.0.0
      tslib: 2.8.1

  '@tsconfig/node20@20.1.5': {}

  '@types/node@22.13.13':
    dependencies:
      undici-types: 6.20.0

  atomic-sleep@1.0.0: {}

  boolbase@1.0.0: {}

  bowser@2.11.0: {}

  cheerio-select@2.1.0:
    dependencies:
      boolbase: 1.0.0
      css-select: 5.1.0
      css-what: 6.1.0
      domelementtype: 2.3.0
      domhandler: 5.0.3
      domutils: 3.2.2

  cheerio@1.0.0:
    dependencies:
      cheerio-select: 2.1.0
      dom-serializer: 2.0.0
      domhandler: 5.0.3
      domutils: 3.2.2
      encoding-sniffer: 0.2.0
      htmlparser2: 9.1.0
      parse5: 7.2.1
      parse5-htmlparser2-tree-adapter: 7.1.0
      parse5-parser-stream: 7.1.2
      undici: 6.21.2
      whatwg-mimetype: 4.0.0

  colorette@2.0.20: {}

  css-select@5.1.0:
    dependencies:
      boolbase: 1.0.0
      css-what: 6.1.0
      domhandler: 5.0.3
      domutils: 3.2.2
      nth-check: 2.1.1

  css-what@6.1.0: {}

  date-fns@4.1.0: {}

  dateformat@4.6.3: {}

  dom-serializer@2.0.0:
    dependencies:
      domelementtype: 2.3.0
      domhandler: 5.0.3
      entities: 4.5.0

  domelementtype@2.3.0: {}

  domhandler@5.0.3:
    dependencies:
      domelementtype: 2.3.0

  domutils@3.2.2:
    dependencies:
      dom-serializer: 2.0.0
      domelementtype: 2.3.0
      domhandler: 5.0.3

  dotenv@16.4.7: {}

  encoding-sniffer@0.2.0:
    dependencies:
      iconv-lite: 0.6.3
      whatwg-encoding: 3.1.1

  end-of-stream@1.4.4:
    dependencies:
      once: 1.4.0

  entities@4.5.0: {}

  fast-copy@3.0.2: {}

  fast-redact@3.5.0: {}

  fast-safe-stringify@2.1.1: {}

  fast-xml-parser@4.4.1:
    dependencies:
      strnum: 1.1.2

  help-me@5.0.0: {}

  htmlparser2@9.1.0:
    dependencies:
      domelementtype: 2.3.0
      domhandler: 5.0.3
      domutils: 3.2.2
      entities: 4.5.0

  iconv-lite@0.6.3:
    dependencies:
      safer-buffer: 2.1.2

  joycon@3.1.1: {}

  minimist@1.2.8: {}

  nth-check@2.1.1:
    dependencies:
      boolbase: 1.0.0

  on-exit-leak-free@2.1.2: {}

  once@1.4.0:
    dependencies:
      wrappy: 1.0.2

  parse5-htmlparser2-tree-adapter@7.1.0:
    dependencies:
      domhandler: 5.0.3
      parse5: 7.2.1

  parse5-parser-stream@7.1.2:
    dependencies:
      parse5: 7.2.1

  parse5@7.2.1:
    dependencies:
      entities: 4.5.0

  pino-abstract-transport@2.0.0:
    dependencies:
      split2: 4.2.0

  pino-pretty@13.0.0:
    dependencies:
      colorette: 2.0.20
      dateformat: 4.6.3
      fast-copy: 3.0.2
      fast-safe-stringify: 2.1.1
      help-me: 5.0.0
      joycon: 3.1.1
      minimist: 1.2.8
      on-exit-leak-free: 2.1.2
      pino-abstract-transport: 2.0.0
      pump: 3.0.2
      secure-json-parse: 2.7.0
      sonic-boom: 4.2.0
      strip-json-comments: 3.1.1

  pino-roll@3.1.0:
    dependencies:
      date-fns: 4.1.0
      sonic-boom: 4.2.0

  pino-std-serializers@7.0.0: {}

  pino@9.6.0:
    dependencies:
      atomic-sleep: 1.0.0
      fast-redact: 3.5.0
      on-exit-leak-free: 2.1.2
      pino-abstract-transport: 2.0.0
      pino-std-serializers: 7.0.0
      process-warning: 4.0.1
      quick-format-unescaped: 4.0.4
      real-require: 0.2.0
      safe-stable-stringify: 2.5.0
      sonic-boom: 4.2.0
      thread-stream: 3.1.0

  process-warning@4.0.1: {}

  pump@3.0.2:
    dependencies:
      end-of-stream: 1.4.4
      once: 1.4.0

  quick-format-unescaped@4.0.4: {}

  real-require@0.2.0: {}

  safe-stable-stringify@2.5.0: {}

  safer-buffer@2.1.2: {}

  secure-json-parse@2.7.0: {}

  sonic-boom@4.2.0:
    dependencies:
      atomic-sleep: 1.0.0

  split2@4.2.0: {}

  strip-json-comments@3.1.1: {}

  strnum@1.1.2: {}

  thread-stream@3.1.0:
    dependencies:
      real-require: 0.2.0

  tslib@2.8.1: {}

  typescript@5.8.2: {}

  undici-types@6.20.0: {}

  undici@6.21.2: {}

  uuid@9.0.1: {}

  whatwg-encoding@3.1.1:
    dependencies:
      iconv-lite: 0.6.3

  whatwg-mimetype@4.0.0: {}

  wrappy@1.0.2: {}

  zod@3.24.2: {}
